{
  "originHash" : "ceae05f8de220436608d1c99f7caac84f401336ed8273bbd4c96a451b94cd739",
  "pins" : [
    {
      "identity" : "zlphotobrowser",
      "kind" : "remoteSourceControl",
      "location" : "https://github.com/longitachi/ZLPhotoBrowser.git",
      "state" : {
        "branch" : "master",
        "revision" : "140695322d4fc2538cc69a93f869d10ade44b744"
      }
    }
  ],
  "version" : 3
}
